
Microsoft Visual Studio Solution File, Format Version 12.00
# Visual Studio Version 17
VisualStudioVersion = 17.5.002.0
MinimumVisualStudioVersion = 10.0.40219.1
Project("{9A19103F-16F7-4668-BE54-9A1E7A4F7556}") = "code", "code.csproj", "{35DFFD9D-CF02-415E-BF95-0910B5461766}"
EndProject
Global
	GlobalSection(SolutionConfigurationPlatforms) = preSolution
		Debug|Any CPU = Debug|Any CPU
		Release|Any CPU = Release|Any CPU
	EndGlobalSection
	GlobalSection(ProjectConfigurationPlatforms) = postSolution
		{35DFFD9D-CF02-415E-BF95-0910B5461766}.Debug|Any CPU.ActiveCfg = Debug|Any CPU
		{35DFFD9D-CF02-415E-BF95-0910B5461766}.Debug|Any CPU.Build.0 = Debug|Any CPU
		{35DFFD9D-CF02-415E-BF95-0910B5461766}.Release|Any CPU.ActiveCfg = Release|Any CPU
		{35DFFD9D-CF02-415E-BF95-0910B5461766}.Release|Any CPU.Build.0 = Release|Any CPU
	EndGlobalSection
	GlobalSection(SolutionProperties) = preSolution
		HideSolutionNode = FALSE
	EndGlobalSection
	GlobalSection(ExtensibilityGlobals) = postSolution
		SolutionGuid = {2F7C1F83-6EC4-4C06-9C40-BEB461DBD538}
	EndGlobalSection
EndGlobal
